
Microsoft Visual Studio Solution File, Format Version 11.00
# Visual Studio 2010
# SharpDevelop 5.1
Project("{FAE04EC0-301F-11D3-BF4B-00C04F79EFBC}") = "MoraExamples", "MoraExamples\MoraExamples.csproj", "{01783943-136A-46AD-8E68-C3DF7795A0FF}"
EndProject
Project("{FAE04EC0-301F-11D3-BF4B-00C04F79EFBC}") = "CsMora", "..\..\..\Runtimes\CsMora\CsMora\CsMora.csproj", "{0AFF36C5-3EF3-4609-8D1C-C5C9DEC501F7}"
EndProject
Global
	GlobalSection(SolutionConfigurationPlatforms) = preSolution
		Debug|Any CPU = Debug|Any CPU
		Release|Any CPU = Release|Any CPU
	EndGlobalSection
	GlobalSection(ProjectConfigurationPlatforms) = postSolution
		{01783943-136A-46AD-8E68-C3DF7795A0FF}.Debug|Any CPU.ActiveCfg = Debug|Any CPU
		{01783943-136A-46AD-8E68-C3DF7795A0FF}.Debug|Any CPU.Build.0 = Debug|Any CPU
		{01783943-136A-46AD-8E68-C3DF7795A0FF}.Release|Any CPU.ActiveCfg = Release|Any CPU
		{01783943-136A-46AD-8E68-C3DF7795A0FF}.Release|Any CPU.Build.0 = Release|Any CPU
		{0AFF36C5-3EF3-4609-8D1C-C5C9DEC501F7}.Debug|Any CPU.ActiveCfg = Debug|Any CPU
		{0AFF36C5-3EF3-4609-8D1C-C5C9DEC501F7}.Debug|Any CPU.Build.0 = Debug|Any CPU
		{0AFF36C5-3EF3-4609-8D1C-C5C9DEC501F7}.Release|Any CPU.ActiveCfg = Release|Any CPU
		{0AFF36C5-3EF3-4609-8D1C-C5C9DEC501F7}.Release|Any CPU.Build.0 = Release|Any CPU
	EndGlobalSection
EndGlobal
